
Microsoft Visual Studio Solution File, Format Version 12.00
# Visual Studio 15
VisualStudioVersion = 15.0.27703.2026
MinimumVisualStudioVersion = 10.0.40219.1
Project("{9A19103F-16F7-4668-BE54-9A1E7A4F7556}") = "LambdaUI", "LambdaUI\LambdaUI.csproj", "{CD770352-1267-44CA-AB38-5F37B73D4D32}"
EndProject
Project("{FAE04EC0-301F-11D3-BF4B-00C04F79EFBC}") = "QueryMaster", "QueryMaster\QueryMaster.csproj", "{29B50216-3D84-4531-BBC4-FDE5D119AADA}"
EndProject
Global
	GlobalSection(SolutionConfigurationPlatforms) = preSolution
		Debug|Any CPU = Debug|Any CPU
		Release|Any CPU = Release|Any CPU
	EndGlobalSection
	GlobalSection(ProjectConfigurationPlatforms) = postSolution
		{CD770352-1267-44CA-AB38-5F37B73D4D32}.Debug|Any CPU.ActiveCfg = Debug|Any CPU
		{CD770352-1267-44CA-AB38-5F37B73D4D32}.Debug|Any CPU.Build.0 = Debug|Any CPU
		{CD770352-1267-44CA-AB38-5F37B73D4D32}.Release|Any CPU.ActiveCfg = Release|Any CPU
		{CD770352-1267-44CA-AB38-5F37B73D4D32}.Release|Any CPU.Build.0 = Release|Any CPU
		{29B50216-3D84-4531-BBC4-FDE5D119AADA}.Debug|Any CPU.ActiveCfg = Debug|Any CPU
		{29B50216-3D84-4531-BBC4-FDE5D119AADA}.Debug|Any CPU.Build.0 = Debug|Any CPU
		{29B50216-3D84-4531-BBC4-FDE5D119AADA}.Release|Any CPU.ActiveCfg = Release|Any CPU
		{29B50216-3D84-4531-BBC4-FDE5D119AADA}.Release|Any CPU.Build.0 = Release|Any CPU
	EndGlobalSection
	GlobalSection(SolutionProperties) = preSolution
		HideSolutionNode = FALSE
	EndGlobalSection
	GlobalSection(ExtensibilityGlobals) = postSolution
		SolutionGuid = {51A41DA7-E28E-4D15-ADCD-EC3CA1FA2199}
	EndGlobalSection
EndGlobal
